
Microsoft Visual Studio Solution File, Format Version 12.00
# Visual Studio Version 17
VisualStudioVersion = 17.7.34031.279
MinimumVisualStudioVersion = 10.0.40219.1
Project("{FAE04EC0-301F-11D3-BF4B-00C04F79EFBC}") = "Tarea_Modelado", "Tarea_Modelado.csproj", "{4E41CB3D-ADA1-4184-977C-06F059C12738}"
EndProject
Global
	GlobalSection(SolutionConfigurationPlatforms) = preSolution
		Debug|Any CPU = Debug|Any CPU
		Release|Any CPU = Release|Any CPU
	EndGlobalSection
	GlobalSection(ProjectConfigurationPlatforms) = postSolution
		{4E41CB3D-ADA1-4184-977C-06F059C12738}.Debug|Any CPU.ActiveCfg = Debug|Any CPU
		{4E41CB3D-ADA1-4184-977C-06F059C12738}.Debug|Any CPU.Build.0 = Debug|Any CPU
		{4E41CB3D-ADA1-4184-977C-06F059C12738}.Release|Any CPU.ActiveCfg = Release|Any CPU
		{4E41CB3D-ADA1-4184-977C-06F059C12738}.Release|Any CPU.Build.0 = Release|Any CPU
	EndGlobalSection
	GlobalSection(SolutionProperties) = preSolution
		HideSolutionNode = FALSE
	EndGlobalSection
	GlobalSection(ExtensibilityGlobals) = postSolution
		SolutionGuid = {9E2F93C0-BCD4-4D16-93A6-C5A76D4CD863}
	EndGlobalSection
EndGlobal
